
Microsoft Visual Studio Solution File, Format Version 12.00
# Visual Studio Version 16
VisualStudioVersion = 16.0.31105.61
MinimumVisualStudioVersion = 10.0.40219.1
Project("{FAE04EC0-301F-11D3-BF4B-00C04F79EFBC}") = "Prueba de Clases y Herencia", "Prueba de Clases y Herencia\Prueba de Clases y Herencia.csproj", "{9E610650-029D-46B0-9EDF-F1D43F0283CF}"
EndProject
Global
	GlobalSection(SolutionConfigurationPlatforms) = preSolution
		Debug|Any CPU = Debug|Any CPU
		Release|Any CPU = Release|Any CPU
	EndGlobalSection
	GlobalSection(ProjectConfigurationPlatforms) = postSolution
		{9E610650-029D-46B0-9EDF-F1D43F0283CF}.Debug|Any CPU.ActiveCfg = Debug|Any CPU
		{9E610650-029D-46B0-9EDF-F1D43F0283CF}.Debug|Any CPU.Build.0 = Debug|Any CPU
		{9E610650-029D-46B0-9EDF-F1D43F0283CF}.Release|Any CPU.ActiveCfg = Release|Any CPU
		{9E610650-029D-46B0-9EDF-F1D43F0283CF}.Release|Any CPU.Build.0 = Release|Any CPU
	EndGlobalSection
	GlobalSection(SolutionProperties) = preSolution
		HideSolutionNode = FALSE
	EndGlobalSection
	GlobalSection(ExtensibilityGlobals) = postSolution
		SolutionGuid = {F1A859E0-5C69-475B-A709-5CCC931FDD60}
	EndGlobalSection
EndGlobal
